<?xml version="1.0" encoding="UTF-8"?>
<!DOCTYPE plist PUBLIC "-//Apple//DTD PLIST 1.0//EN" "http://www.apple.com/DTDs/PropertyList-1.0.dtd">
<plist version="1.0">
<dict>
	<key>archiveVersion</key>
	<string>1</string>
	<key>classes</key>
	<dict/>
	<key>objectVersion</key>
	<string>46</string>
	<key>objects</key>
	<dict>
		<key>01A2309907EDFDE040DE19D4</key>
		<dict>
			<key>children</key>
			<array>
				<string>B3588D3BD95525D94DB0D6B2</string>
				<string>B172A28ADD8EE686E475D3AC</string>
			</array>
			<key>isa</key>
			<string>PBXGroup</string>
			<key>name</key>
			<string>Pods</string>
			<key>sourceTree</key>
			<string>&lt;group&gt;</string>
		</dict>
		<key>082841341A08731B00B094C5</key>
		<dict>
			<key>children</key>
			<array>
				<string>082841351A08731B00B094C5</string>
				<string>082841361A08731B00B094C5</string>
				<string>082841371A08731B00B094C5</string>
			</array>
			<key>isa</key>
			<string>PBXGroup</string>
			<key>path</key>
			<string>XMLDictionary</string>
			<key>sourceTree</key>
			<string>&lt;group&gt;</string>
		</dict>
		<key>082841351A08731B00B094C5</key>
		<dict>
			<key>fileEncoding</key>
			<string>4</string>
			<key>isa</key>
			<string>PBXFileReference</string>
			<key>lastKnownFileType</key>
			<string>net.daringfireball.markdown</string>
			<key>path</key>
			<string>LICENCE.md</string>
			<key>sourceTree</key>
			<string>&lt;group&gt;</string>
		</dict>
		<key>082841361A08731B00B094C5</key>
		<dict>
			<key>fileEncoding</key>
			<string>4</string>
			<key>isa</key>
			<string>PBXFileReference</string>
			<key>lastKnownFileType</key>
			<string>sourcecode.c.h</string>
			<key>path</key>
			<string>XMLDictionary.h</string>
			<key>sourceTree</key>
			<string>&lt;group&gt;</string>
		</dict>
		<key>082841371A08731B00B094C5</key>
		<dict>
			<key>fileEncoding</key>
			<string>4</string>
			<key>isa</key>
			<string>PBXFileReference</string>
			<key>lastKnownFileType</key>
			<string>sourcecode.c.objc</string>
			<key>path</key>
			<string>XMLDictionary.m</string>
			<key>sourceTree</key>
			<string>&lt;group&gt;</string>
		</dict>
		<key>082841381A08731B00B094C5</key>
		<dict>
			<key>fileRef</key>
			<string>082841351A08731B00B094C5</string>
			<key>isa</key>
			<string>PBXBuildFile</string>
		</dict>
		<key>082841391A08731B00B094C5</key>
		<dict>
			<key>fileRef</key>
			<string>082841371A08731B00B094C5</string>
			<key>isa</key>
			<string>PBXBuildFile</string>
		</dict>
		<key>082841411A08A54100B094C5</key>
		<dict>
			<key>fileEncoding</key>
			<string>4</string>
			<key>isa</key>
			<string>PBXFileReference</string>
			<key>lastKnownFileType</key>
			<string>sourcecode.c.h</string>
			<key>path</key>
			<string>WMUATrackTableViewCell.h</string>
			<key>sourceTree</key>
			<string>&lt;group&gt;</string>
		</dict>
		<key>082841421A08A54100B094C5</key>
		<dict>
			<key>fileEncoding</key>
			<string>4</string>
			<key>isa</key>
			<string>PBXFileReference</string>
			<key>lastKnownFileType</key>
			<string>sourcecode.c.objc</string>
			<key>path</key>
			<string>WMUATrackTableViewCell.m</string>
			<key>sourceTree</key>
			<string>&lt;group&gt;</string>
		</dict>
		<key>082841431A08A54100B094C5</key>
		<dict>
			<key>fileEncoding</key>
			<string>4</string>
			<key>isa</key>
			<string>PBXFileReference</string>
			<key>lastKnownFileType</key>
			<string>file.xib</string>
			<key>path</key>
			<string>WMUATrackTableViewCell.xib</string>
			<key>sourceTree</key>
			<string>&lt;group&gt;</string>
		</dict>
		<key>082841441A08A54100B094C5</key>
		<dict>
			<key>fileRef</key>
			<string>082841421A08A54100B094C5</string>
			<key>isa</key>
			<string>PBXBuildFile</string>
		</dict>
		<key>082841451A08A54100B094C5</key>
		<dict>
			<key>fileRef</key>
			<string>082841431A08A54100B094C5</string>
			<key>isa</key>
			<string>PBXBuildFile</string>
		</dict>
		<key>0855985019FD850C0089C8FE</key>
		<dict>
			<key>children</key>
			<array>
				<string>0855986219FD850C0089C8FE</string>
				<string>0855989B19FD9CC00089C8FE</string>
				<string>082841341A08731B00B094C5</string>
				<string>0855988419FD850D0089C8FE</string>
				<string>0855985A19FD850C0089C8FE</string>
				<string>0855985B19FD850C0089C8FE</string>
				<string>01A2309907EDFDE040DE19D4</string>
			</array>
			<key>isa</key>
			<string>PBXGroup</string>
			<key>sourceTree</key>
			<string>&lt;group&gt;</string>
		</dict>
		<key>0855985119FD850C0089C8FE</key>
		<dict>
			<key>attributes</key>
			<dict>
				<key>CLASSPREFIX</key>
				<string>WMUA</string>
				<key>LastUpgradeCheck</key>
				<string>0510</string>
				<key>ORGANIZATIONNAME</key>
				<string>Mike Turley</string>
				<key>TargetAttributes</key>
				<dict>
					<key>0855985819FD850C0089C8FE</key>
					<dict>
						<key>DevelopmentTeam</key>
						<string>Y6JY4Y23L4</string>
						<key>SystemCapabilities</key>
						<dict>
							<key>com.apple.BackgroundModes</key>
							<dict>
								<key>enabled</key>
								<string>1</string>
							</dict>
						</dict>
					</dict>
					<key>0855987C19FD850D0089C8FE</key>
					<dict>
						<key>TestTargetID</key>
						<string>0855985819FD850C0089C8FE</string>
					</dict>
				</dict>
			</dict>
			<key>buildConfigurationList</key>
			<string>0855985419FD850C0089C8FE</string>
			<key>compatibilityVersion</key>
			<string>Xcode 3.2</string>
			<key>developmentRegion</key>
			<string>English</string>
			<key>hasScannedForEncodings</key>
			<string>0</string>
			<key>isa</key>
			<string>PBXProject</string>
			<key>knownRegions</key>
			<array>
				<string>en</string>
				<string>Base</string>
			</array>
			<key>mainGroup</key>
			<string>0855985019FD850C0089C8FE</string>
			<key>productRefGroup</key>
			<string>0855985A19FD850C0089C8FE</string>
			<key>projectDirPath</key>
			<string></string>
			<key>projectReferences</key>
			<array/>
			<key>projectRoot</key>
			<string></string>
			<key>targets</key>
			<array>
				<string>0855985819FD850C0089C8FE</string>
				<string>0855987C19FD850D0089C8FE</string>
			</array>
		</dict>
		<key>0855985419FD850C0089C8FE</key>
		<dict>
			<key>buildConfigurations</key>
			<array>
				<string>0855988C19FD850D0089C8FE</string>
				<string>0855988D19FD850D0089C8FE</string>
			</array>
			<key>defaultConfigurationIsVisible</key>
			<string>0</string>
			<key>defaultConfigurationName</key>
			<string>Release</string>
			<key>isa</key>
			<string>XCConfigurationList</string>
		</dict>
		<key>0855985519FD850C0089C8FE</key>
		<dict>
			<key>buildActionMask</key>
			<string>2147483647</string>
			<key>files</key>
			<array>
				<string>085598A419FD9CC00089C8FE</string>
				<string>085598A619FD9CC00089C8FE</string>
				<string>0855986D19FD850D0089C8FE</string>
				<string>082841441A08A54100B094C5</string>
				<string>0855986919FD850D0089C8FE</string>
				<string>082841381A08731B00B094C5</string>
				<string>085598A519FD9CC00089C8FE</string>
				<string>0855987619FD850D0089C8FE</string>
				<string>0855987319FD850D0089C8FE</string>
				<string>08E15A1A1A1ABDC500E41042</string>
				<string>082841391A08731B00B094C5</string>
				<string>08F048601A1B0B85009079A6</string>
			</array>
			<key>isa</key>
			<string>PBXSourcesBuildPhase</string>
			<key>runOnlyForDeploymentPostprocessing</key>
			<string>0</string>
		</dict>
		<key>0855985619FD850C0089C8FE</key>
		<dict>
			<key>buildActionMask</key>
			<string>2147483647</string>
			<key>files</key>
			<array>
				<string>0855985F19FD850C0089C8FE</string>
				<string>0855986119FD850C0089C8FE</string>
				<string>0855985D19FD850C0089C8FE</string>
				<string>8A00000C91FD9E8D29724DE8</string>
			</array>
			<key>isa</key>
			<string>PBXFrameworksBuildPhase</string>
			<key>runOnlyForDeploymentPostprocessing</key>
			<string>0</string>
		</dict>
		<key>0855985719FD850C0089C8FE</key>
		<dict>
			<key>buildActionMask</key>
			<string>2147483647</string>
			<key>files</key>
			<array>
				<string>08A4600F1A07FED7005CF34B</string>
				<string>0855987819FD850D0089C8FE</string>
				<string>08F048641A1B2C5D009079A6</string>
				<string>0855986719FD850C0089C8FE</string>
				<string>082841451A08A54100B094C5</string>
				<string>085598A319FD9CC00089C8FE</string>
				<string>0855987019FD850D0089C8FE</string>
			</array>
			<key>isa</key>
			<string>PBXResourcesBuildPhase</string>
			<key>runOnlyForDeploymentPostprocessing</key>
			<string>0</string>
		</dict>
		<key>0855985819FD850C0089C8FE</key>
		<dict>
			<key>buildConfigurationList</key>
			<string>0855988E19FD850D0089C8FE</string>
			<key>buildPhases</key>
			<array>
				<string>A551FBF9E8F3E9FCB2A9EE2A</string>
				<string>0855985519FD850C0089C8FE</string>
				<string>0855985619FD850C0089C8FE</string>
				<string>0855985719FD850C0089C8FE</string>
				<string>25D1CF009093F5EC438F8729</string>
			</array>
			<key>buildRules</key>
			<array/>
			<key>dependencies</key>
			<array/>
			<key>isa</key>
			<string>PBXNativeTarget</string>
			<key>name</key>
			<string>WMUA-Radio</string>
			<key>productName</key>
			<string>WMUA-Radio</string>
			<key>productReference</key>
			<string>0855985919FD850C0089C8FE</string>
			<key>productType</key>
			<string>com.apple.product-type.application</string>
		</dict>
		<key>0855985919FD850C0089C8FE</key>
		<dict>
			<key>explicitFileType</key>
			<string>wrapper.application</string>
			<key>includeInIndex</key>
			<string>0</string>
			<key>isa</key>
			<string>PBXFileReference</string>
			<key>path</key>
			<string>WMUA-Radio.app</string>
			<key>sourceTree</key>
			<string>BUILT_PRODUCTS_DIR</string>
		</dict>
		<key>0855985A19FD850C0089C8FE</key>
		<dict>
			<key>children</key>
			<array>
				<string>0855985919FD850C0089C8FE</string>
				<string>0855987D19FD850D0089C8FE</string>
			</array>
			<key>isa</key>
			<string>PBXGroup</string>
			<key>name</key>
			<string>Products</string>
			<key>sourceTree</key>
			<string>&lt;group&gt;</string>
		</dict>
		<key>0855985B19FD850C0089C8FE</key>
		<dict>
			<key>children</key>
			<array>
				<string>0855985C19FD850C0089C8FE</string>
				<string>0855985E19FD850C0089C8FE</string>
				<string>0855986019FD850C0089C8FE</string>
				<string>0855987E19FD850D0089C8FE</string>
				<string>5CB36CA8904EC7918C524045</string>
			</array>
			<key>isa</key>
			<string>PBXGroup</string>
			<key>name</key>
			<string>Frameworks</string>
			<key>sourceTree</key>
			<string>&lt;group&gt;</string>
		</dict>
		<key>0855985C19FD850C0089C8FE</key>
		<dict>
			<key>isa</key>
			<string>PBXFileReference</string>
			<key>lastKnownFileType</key>
			<string>wrapper.framework</string>
			<key>name</key>
			<string>Foundation.framework</string>
			<key>path</key>
			<string>System/Library/Frameworks/Foundation.framework</string>
			<key>sourceTree</key>
			<string>SDKROOT</string>
		</dict>
		<key>0855985D19FD850C0089C8FE</key>
		<dict>
			<key>fileRef</key>
			<string>0855985C19FD850C0089C8FE</string>
			<key>isa</key>
			<string>PBXBuildFile</string>
		</dict>
		<key>0855985E19FD850C0089C8FE</key>
		<dict>
			<key>isa</key>
			<string>PBXFileReference</string>
			<key>lastKnownFileType</key>
			<string>wrapper.framework</string>
			<key>name</key>
			<string>CoreGraphics.framework</string>
			<key>path</key>
			<string>System/Library/Frameworks/CoreGraphics.framework</string>
			<key>sourceTree</key>
			<string>SDKROOT</string>
		</dict>
		<key>0855985F19FD850C0089C8FE</key>
		<dict>
			<key>fileRef</key>
			<string>0855985E19FD850C0089C8FE</string>
			<key>isa</key>
			<string>PBXBuildFile</string>
		</dict>
		<key>0855986019FD850C0089C8FE</key>
		<dict>
			<key>isa</key>
			<string>PBXFileReference</string>
			<key>lastKnownFileType</key>
			<string>wrapper.framework</string>
			<key>name</key>
			<string>UIKit.framework</string>
			<key>path</key>
			<string>System/Library/Frameworks/UIKit.framework</string>
			<key>sourceTree</key>
			<string>SDKROOT</string>
		</dict>
		<key>0855986119FD850C0089C8FE</key>
		<dict>
			<key>fileRef</key>
			<string>0855986019FD850C0089C8FE</string>
			<key>isa</key>
			<string>PBXBuildFile</string>
		</dict>
		<key>0855986219FD850C0089C8FE</key>
		<dict>
			<key>children</key>
			<array>
				<string>0855986B19FD850D0089C8FE</string>
				<string>0855986C19FD850D0089C8FE</string>
				<string>0855986E19FD850D0089C8FE</string>
				<string>08E15A181A1ABDC500E41042</string>
				<string>08E15A191A1ABDC500E41042</string>
				<string>0855987119FD850D0089C8FE</string>
				<string>0855987219FD850D0089C8FE</string>
				<string>08F0485E1A1B0B85009079A6</string>
				<string>08F0485F1A1B0B85009079A6</string>
				<string>082841411A08A54100B094C5</string>
				<string>082841421A08A54100B094C5</string>
				<string>082841431A08A54100B094C5</string>
				<string>0855987419FD850D0089C8FE</string>
				<string>0855987519FD850D0089C8FE</string>
				<string>0855987719FD850D0089C8FE</string>
				<string>0855986319FD850C0089C8FE</string>
			</array>
			<key>isa</key>
			<string>PBXGroup</string>
			<key>path</key>
			<string>WMUA-Radio</string>
			<key>sourceTree</key>
			<string>&lt;group&gt;</string>
		</dict>
		<key>0855986319FD850C0089C8FE</key>
		<dict>
			<key>children</key>
			<array>
				<string>08A4600E1A07FED7005CF34B</string>
				<string>08F048631A1B2C5D009079A6</string>
				<string>0855986419FD850C0089C8FE</string>
				<string>0855986519FD850C0089C8FE</string>
				<string>0855986819FD850D0089C8FE</string>
				<string>0855986A19FD850D0089C8FE</string>
			</array>
			<key>isa</key>
			<string>PBXGroup</string>
			<key>name</key>
			<string>Supporting Files</string>
			<key>sourceTree</key>
			<string>&lt;group&gt;</string>
		</dict>
		<key>0855986419FD850C0089C8FE</key>
		<dict>
			<key>isa</key>
			<string>PBXFileReference</string>
			<key>lastKnownFileType</key>
			<string>text.plist.xml</string>
			<key>path</key>
			<string>WMUA-Radio-Info.plist</string>
			<key>sourceTree</key>
			<string>&lt;group&gt;</string>
		</dict>
		<key>0855986519FD850C0089C8FE</key>
		<dict>
			<key>children</key>
			<array>
				<string>0855986619FD850C0089C8FE</string>
			</array>
			<key>isa</key>
			<string>PBXVariantGroup</string>
			<key>name</key>
			<string>InfoPlist.strings</string>
			<key>sourceTree</key>
			<string>&lt;group&gt;</string>
		</dict>
		<key>0855986619FD850C0089C8FE</key>
		<dict>
			<key>isa</key>
			<string>PBXFileReference</string>
			<key>lastKnownFileType</key>
			<string>text.plist.strings</string>
			<key>name</key>
			<string>en</string>
			<key>path</key>
			<string>en.lproj/InfoPlist.strings</string>
			<key>sourceTree</key>
			<string>&lt;group&gt;</string>
		</dict>
		<key>0855986719FD850C0089C8FE</key>
		<dict>
			<key>fileRef</key>
			<string>0855986519FD850C0089C8FE</string>
			<key>isa</key>
			<string>PBXBuildFile</string>
		</dict>
		<key>0855986819FD850D0089C8FE</key>
		<dict>
			<key>isa</key>
			<string>PBXFileReference</string>
			<key>lastKnownFileType</key>
			<string>sourcecode.c.objc</string>
			<key>path</key>
			<string>main.m</string>
			<key>sourceTree</key>
			<string>&lt;group&gt;</string>
		</dict>
		<key>0855986919FD850D0089C8FE</key>
		<dict>
			<key>fileRef</key>
			<string>0855986819FD850D0089C8FE</string>
			<key>isa</key>
			<string>PBXBuildFile</string>
		</dict>
		<key>0855986A19FD850D0089C8FE</key>
		<dict>
			<key>isa</key>
			<string>PBXFileReference</string>
			<key>lastKnownFileType</key>
			<string>sourcecode.c.h</string>
			<key>path</key>
			<string>WMUA-Radio-Prefix.pch</string>
			<key>sourceTree</key>
			<string>&lt;group&gt;</string>
		</dict>
		<key>0855986B19FD850D0089C8FE</key>
		<dict>
			<key>isa</key>
			<string>PBXFileReference</string>
			<key>lastKnownFileType</key>
			<string>sourcecode.c.h</string>
			<key>path</key>
			<string>WMUAAppDelegate.h</string>
			<key>sourceTree</key>
			<string>&lt;group&gt;</string>
		</dict>
		<key>0855986C19FD850D0089C8FE</key>
		<dict>
			<key>isa</key>
			<string>PBXFileReference</string>
			<key>lastKnownFileType</key>
			<string>sourcecode.c.objc</string>
			<key>path</key>
			<string>WMUAAppDelegate.m</string>
			<key>sourceTree</key>
			<string>&lt;group&gt;</string>
		</dict>
		<key>0855986D19FD850D0089C8FE</key>
		<dict>
			<key>fileRef</key>
			<string>0855986C19FD850D0089C8FE</string>
			<key>isa</key>
			<string>PBXBuildFile</string>
		</dict>
		<key>0855986E19FD850D0089C8FE</key>
		<dict>
			<key>children</key>
			<array>
				<string>0855986F19FD850D0089C8FE</string>
			</array>
			<key>isa</key>
			<string>PBXVariantGroup</string>
			<key>name</key>
			<string>Main.storyboard</string>
			<key>sourceTree</key>
			<string>&lt;group&gt;</string>
		</dict>
		<key>0855986F19FD850D0089C8FE</key>
		<dict>
			<key>isa</key>
			<string>PBXFileReference</string>
			<key>lastKnownFileType</key>
			<string>file.storyboard</string>
			<key>name</key>
			<string>Base</string>
			<key>path</key>
			<string>Base.lproj/Main.storyboard</string>
			<key>sourceTree</key>
			<string>&lt;group&gt;</string>
		</dict>
		<key>0855987019FD850D0089C8FE</key>
		<dict>
			<key>fileRef</key>
			<string>0855986E19FD850D0089C8FE</string>
			<key>isa</key>
			<string>PBXBuildFile</string>
		</dict>
		<key>0855987119FD850D0089C8FE</key>
		<dict>
			<key>isa</key>
			<string>PBXFileReference</string>
			<key>lastKnownFileType</key>
			<string>sourcecode.c.h</string>
			<key>path</key>
			<string>WMUANowPlayingViewController.h</string>
			<key>sourceTree</key>
			<string>&lt;group&gt;</string>
		</dict>
		<key>0855987219FD850D0089C8FE</key>
		<dict>
			<key>isa</key>
			<string>PBXFileReference</string>
			<key>lastKnownFileType</key>
			<string>sourcecode.c.objc</string>
			<key>path</key>
			<string>WMUANowPlayingViewController.m</string>
			<key>sourceTree</key>
			<string>&lt;group&gt;</string>
		</dict>
		<key>0855987319FD850D0089C8FE</key>
		<dict>
			<key>fileRef</key>
			<string>0855987219FD850D0089C8FE</string>
			<key>isa</key>
			<string>PBXBuildFile</string>
		</dict>
		<key>0855987419FD850D0089C8FE</key>
		<dict>
			<key>isa</key>
			<string>PBXFileReference</string>
			<key>lastKnownFileType</key>
			<string>sourcecode.c.h</string>
			<key>path</key>
			<string>WMUAScheduleViewController.h</string>
			<key>sourceTree</key>
			<string>&lt;group&gt;</string>
		</dict>
		<key>0855987519FD850D0089C8FE</key>
		<dict>
			<key>isa</key>
			<string>PBXFileReference</string>
			<key>lastKnownFileType</key>
			<string>sourcecode.c.objc</string>
			<key>path</key>
			<string>WMUAScheduleViewController.m</string>
			<key>sourceTree</key>
			<string>&lt;group&gt;</string>
		</dict>
		<key>0855987619FD850D0089C8FE</key>
		<dict>
			<key>fileRef</key>
			<string>0855987519FD850D0089C8FE</string>
			<key>isa</key>
			<string>PBXBuildFile</string>
		</dict>
		<key>0855987719FD850D0089C8FE</key>
		<dict>
			<key>isa</key>
			<string>PBXFileReference</string>
			<key>lastKnownFileType</key>
			<string>folder.assetcatalog</string>
			<key>path</key>
			<string>Images.xcassets</string>
			<key>sourceTree</key>
			<string>&lt;group&gt;</string>
		</dict>
		<key>0855987819FD850D0089C8FE</key>
		<dict>
			<key>fileRef</key>
			<string>0855987719FD850D0089C8FE</string>
			<key>isa</key>
			<string>PBXBuildFile</string>
		</dict>
		<key>0855987919FD850D0089C8FE</key>
		<dict>
			<key>buildActionMask</key>
			<string>2147483647</string>
			<key>files</key>
			<array>
				<string>0855988B19FD850D0089C8FE</string>
			</array>
			<key>isa</key>
			<string>PBXSourcesBuildPhase</string>
			<key>runOnlyForDeploymentPostprocessing</key>
			<string>0</string>
		</dict>
		<key>0855987A19FD850D0089C8FE</key>
		<dict>
			<key>buildActionMask</key>
			<string>2147483647</string>
			<key>files</key>
			<array>
				<string>0855987F19FD850D0089C8FE</string>
				<string>0855988119FD850D0089C8FE</string>
				<string>0855988019FD850D0089C8FE</string>
			</array>
			<key>isa</key>
			<string>PBXFrameworksBuildPhase</string>
			<key>runOnlyForDeploymentPostprocessing</key>
			<string>0</string>
		</dict>
		<key>0855987B19FD850D0089C8FE</key>
		<dict>
			<key>buildActionMask</key>
			<string>2147483647</string>
			<key>files</key>
			<array>
				<string>0855988919FD850D0089C8FE</string>
			</array>
			<key>isa</key>
			<string>PBXResourcesBuildPhase</string>
			<key>runOnlyForDeploymentPostprocessing</key>
			<string>0</string>
		</dict>
		<key>0855987C19FD850D0089C8FE</key>
		<dict>
			<key>buildConfigurationList</key>
			<string>0855989119FD850D0089C8FE</string>
			<key>buildPhases</key>
			<array>
				<string>0855987919FD850D0089C8FE</string>
				<string>0855987A19FD850D0089C8FE</string>
				<string>0855987B19FD850D0089C8FE</string>
			</array>
			<key>buildRules</key>
			<array/>
			<key>dependencies</key>
			<array>
				<string>0855988319FD850D0089C8FE</string>
			</array>
			<key>isa</key>
			<string>PBXNativeTarget</string>
			<key>name</key>
			<string>WMUA-RadioTests</string>
			<key>productName</key>
			<string>WMUA-RadioTests</string>
			<key>productReference</key>
			<string>0855987D19FD850D0089C8FE</string>
			<key>productType</key>
			<string>com.apple.product-type.bundle.unit-test</string>
		</dict>
		<key>0855987D19FD850D0089C8FE</key>
		<dict>
			<key>explicitFileType</key>
			<string>wrapper.cfbundle</string>
			<key>includeInIndex</key>
			<string>0</string>
			<key>isa</key>
			<string>PBXFileReference</string>
			<key>path</key>
			<string>WMUA-RadioTests.xctest</string>
			<key>sourceTree</key>
			<string>BUILT_PRODUCTS_DIR</string>
		</dict>
		<key>0855987E19FD850D0089C8FE</key>
		<dict>
			<key>isa</key>
			<string>PBXFileReference</string>
			<key>lastKnownFileType</key>
			<string>wrapper.framework</string>
			<key>name</key>
			<string>XCTest.framework</string>
			<key>path</key>
			<string>Library/Frameworks/XCTest.framework</string>
			<key>sourceTree</key>
			<string>DEVELOPER_DIR</string>
		</dict>
		<key>0855987F19FD850D0089C8FE</key>
		<dict>
			<key>fileRef</key>
			<string>0855987E19FD850D0089C8FE</string>
			<key>isa</key>
			<string>PBXBuildFile</string>
		</dict>
		<key>0855988019FD850D0089C8FE</key>
		<dict>
			<key>fileRef</key>
			<string>0855985C19FD850C0089C8FE</string>
			<key>isa</key>
			<string>PBXBuildFile</string>
		</dict>
		<key>0855988119FD850D0089C8FE</key>
		<dict>
			<key>fileRef</key>
			<string>0855986019FD850C0089C8FE</string>
			<key>isa</key>
			<string>PBXBuildFile</string>
		</dict>
		<key>0855988219FD850D0089C8FE</key>
		<dict>
			<key>containerPortal</key>
			<string>0855985119FD850C0089C8FE</string>
			<key>isa</key>
			<string>PBXContainerItemProxy</string>
			<key>proxyType</key>
			<string>1</string>
			<key>remoteGlobalIDString</key>
			<string>0855985819FD850C0089C8FE</string>
			<key>remoteInfo</key>
			<string>WMUA-Radio</string>
		</dict>
		<key>0855988319FD850D0089C8FE</key>
		<dict>
			<key>isa</key>
			<string>PBXTargetDependency</string>
			<key>target</key>
			<string>0855985819FD850C0089C8FE</string>
			<key>targetProxy</key>
			<string>0855988219FD850D0089C8FE</string>
		</dict>
		<key>0855988419FD850D0089C8FE</key>
		<dict>
			<key>children</key>
			<array>
				<string>0855988A19FD850D0089C8FE</string>
				<string>0855988519FD850D0089C8FE</string>
			</array>
			<key>isa</key>
			<string>PBXGroup</string>
			<key>path</key>
			<string>WMUA-RadioTests</string>
			<key>sourceTree</key>
			<string>&lt;group&gt;</string>
		</dict>
		<key>0855988519FD850D0089C8FE</key>
		<dict>
			<key>children</key>
			<array>
				<string>0855988619FD850D0089C8FE</string>
				<string>0855988719FD850D0089C8FE</string>
			</array>
			<key>isa</key>
			<string>PBXGroup</string>
			<key>name</key>
			<string>Supporting Files</string>
			<key>sourceTree</key>
			<string>&lt;group&gt;</string>
		</dict>
		<key>0855988619FD850D0089C8FE</key>
		<dict>
			<key>isa</key>
			<string>PBXFileReference</string>
			<key>lastKnownFileType</key>
			<string>text.plist.xml</string>
			<key>path</key>
			<string>WMUA-RadioTests-Info.plist</string>
			<key>sourceTree</key>
			<string>&lt;group&gt;</string>
		</dict>
		<key>0855988719FD850D0089C8FE</key>
		<dict>
			<key>children</key>
			<array>
				<string>0855988819FD850D0089C8FE</string>
			</array>
			<key>isa</key>
			<string>PBXVariantGroup</string>
			<key>name</key>
			<string>InfoPlist.strings</string>
			<key>sourceTree</key>
			<string>&lt;group&gt;</string>
		</dict>
		<key>0855988819FD850D0089C8FE</key>
		<dict>
			<key>isa</key>
			<string>PBXFileReference</string>
			<key>lastKnownFileType</key>
			<string>text.plist.strings</string>
			<key>name</key>
			<string>en</string>
			<key>path</key>
			<string>en.lproj/InfoPlist.strings</string>
			<key>sourceTree</key>
			<string>&lt;group&gt;</string>
		</dict>
		<key>0855988919FD850D0089C8FE</key>
		<dict>
			<key>fileRef</key>
			<string>0855988719FD850D0089C8FE</string>
			<key>isa</key>
			<string>PBXBuildFile</string>
		</dict>
		<key>0855988A19FD850D0089C8FE</key>
		<dict>
			<key>isa</key>
			<string>PBXFileReference</string>
			<key>lastKnownFileType</key>
			<string>sourcecode.c.objc</string>
			<key>path</key>
			<string>WMUA_RadioTests.m</string>
			<key>sourceTree</key>
			<string>&lt;group&gt;</string>
		</dict>
		<key>0855988B19FD850D0089C8FE</key>
		<dict>
			<key>fileRef</key>
			<string>0855988A19FD850D0089C8FE</string>
			<key>isa</key>
			<string>PBXBuildFile</string>
		</dict>
		<key>0855988C19FD850D0089C8FE</key>
		<dict>
			<key>buildSettings</key>
			<dict>
				<key>ALWAYS_SEARCH_USER_PATHS</key>
				<string>NO</string>
				<key>CLANG_CXX_LANGUAGE_STANDARD</key>
				<string>gnu++0x</string>
				<key>CLANG_CXX_LIBRARY</key>
				<string>libc++</string>
				<key>CLANG_ENABLE_MODULES</key>
				<string>YES</string>
				<key>CLANG_ENABLE_OBJC_ARC</key>
				<string>YES</string>
				<key>CLANG_WARN_BOOL_CONVERSION</key>
				<string>YES</string>
				<key>CLANG_WARN_CONSTANT_CONVERSION</key>
				<string>YES</string>
				<key>CLANG_WARN_DIRECT_OBJC_ISA_USAGE</key>
				<string>YES_ERROR</string>
				<key>CLANG_WARN_EMPTY_BODY</key>
				<string>YES</string>
				<key>CLANG_WARN_ENUM_CONVERSION</key>
				<string>YES</string>
				<key>CLANG_WARN_INT_CONVERSION</key>
				<string>YES</string>
				<key>CLANG_WARN_OBJC_ROOT_CLASS</key>
				<string>YES_ERROR</string>
				<key>CLANG_WARN__DUPLICATE_METHOD_MATCH</key>
				<string>YES</string>
				<key>CODE_SIGN_IDENTITY[sdk=iphoneos*]</key>
				<string>iPhone Developer</string>
				<key>COPY_PHASE_STRIP</key>
				<string>NO</string>
				<key>GCC_C_LANGUAGE_STANDARD</key>
				<string>gnu99</string>
				<key>GCC_DYNAMIC_NO_PIC</key>
				<string>NO</string>
				<key>GCC_OPTIMIZATION_LEVEL</key>
				<string>0</string>
				<key>GCC_PREPROCESSOR_DEFINITIONS</key>
				<array>
					<string>DEBUG=1</string>
					<string>$(inherited)</string>
				</array>
				<key>GCC_SYMBOLS_PRIVATE_EXTERN</key>
				<string>NO</string>
				<key>GCC_WARN_64_TO_32_BIT_CONVERSION</key>
				<string>YES</string>
				<key>GCC_WARN_ABOUT_RETURN_TYPE</key>
				<string>YES_ERROR</string>
				<key>GCC_WARN_UNDECLARED_SELECTOR</key>
				<string>YES</string>
				<key>GCC_WARN_UNINITIALIZED_AUTOS</key>
				<string>YES_AGGRESSIVE</string>
				<key>GCC_WARN_UNUSED_FUNCTION</key>
				<string>YES</string>
				<key>GCC_WARN_UNUSED_VARIABLE</key>
				<string>YES</string>
				<key>IPHONEOS_DEPLOYMENT_TARGET</key>
				<string>7.1</string>
				<key>ONLY_ACTIVE_ARCH</key>
				<string>YES</string>
				<key>SDKROOT</key>
				<string>iphoneos</string>
			</dict>
			<key>isa</key>
			<string>XCBuildConfiguration</string>
			<key>name</key>
			<string>Debug</string>
		</dict>
		<key>0855988D19FD850D0089C8FE</key>
		<dict>
			<key>buildSettings</key>
			<dict>
				<key>ALWAYS_SEARCH_USER_PATHS</key>
				<string>NO</string>
				<key>CLANG_CXX_LANGUAGE_STANDARD</key>
				<string>gnu++0x</string>
				<key>CLANG_CXX_LIBRARY</key>
				<string>libc++</string>
				<key>CLANG_ENABLE_MODULES</key>
				<string>YES</string>
				<key>CLANG_ENABLE_OBJC_ARC</key>
				<string>YES</string>
				<key>CLANG_WARN_BOOL_CONVERSION</key>
				<string>YES</string>
				<key>CLANG_WARN_CONSTANT_CONVERSION</key>
				<string>YES</string>
				<key>CLANG_WARN_DIRECT_OBJC_ISA_USAGE</key>
				<string>YES_ERROR</string>
				<key>CLANG_WARN_EMPTY_BODY</key>
				<string>YES</string>
				<key>CLANG_WARN_ENUM_CONVERSION</key>
				<string>YES</string>
				<key>CLANG_WARN_INT_CONVERSION</key>
				<string>YES</string>
				<key>CLANG_WARN_OBJC_ROOT_CLASS</key>
				<string>YES_ERROR</string>
				<key>CLANG_WARN__DUPLICATE_METHOD_MATCH</key>
				<string>YES</string>
				<key>CODE_SIGN_IDENTITY[sdk=iphoneos*]</key>
				<string>iPhone Developer</string>
				<key>COPY_PHASE_STRIP</key>
				<string>YES</string>
				<key>ENABLE_NS_ASSERTIONS</key>
				<string>NO</string>
				<key>GCC_C_LANGUAGE_STANDARD</key>
				<string>gnu99</string>
				<key>GCC_WARN_64_TO_32_BIT_CONVERSION</key>
				<string>YES</string>
				<key>GCC_WARN_ABOUT_RETURN_TYPE</key>
				<string>YES_ERROR</string>
				<key>GCC_WARN_UNDECLARED_SELECTOR</key>
				<string>YES</string>
				<key>GCC_WARN_UNINITIALIZED_AUTOS</key>
				<string>YES_AGGRESSIVE</string>
				<key>GCC_WARN_UNUSED_FUNCTION</key>
				<string>YES</string>
				<key>GCC_WARN_UNUSED_VARIABLE</key>
				<string>YES</string>
				<key>IPHONEOS_DEPLOYMENT_TARGET</key>
				<string>7.1</string>
				<key>SDKROOT</key>
				<string>iphoneos</string>
				<key>VALIDATE_PRODUCT</key>
				<string>YES</string>
			</dict>
			<key>isa</key>
			<string>XCBuildConfiguration</string>
			<key>name</key>
			<string>Release</string>
		</dict>
		<key>0855988E19FD850D0089C8FE</key>
		<dict>
			<key>buildConfigurations</key>
			<array>
				<string>0855988F19FD850D0089C8FE</string>
				<string>0855989019FD850D0089C8FE</string>
			</array>
			<key>defaultConfigurationIsVisible</key>
			<string>0</string>
			<key>defaultConfigurationName</key>
			<string>Release</string>
			<key>isa</key>
			<string>XCConfigurationList</string>
		</dict>
		<key>0855988F19FD850D0089C8FE</key>
		<dict>
			<key>baseConfigurationReference</key>
			<string>B3588D3BD95525D94DB0D6B2</string>
			<key>buildSettings</key>
			<dict>
				<key>ASSETCATALOG_COMPILER_APPICON_NAME</key>
				<string>AppIcon</string>
				<key>ASSETCATALOG_COMPILER_LAUNCHIMAGE_NAME</key>
				<string>LaunchImage</string>
				<key>CODE_SIGN_IDENTITY</key>
				<string>iPhone Developer</string>
				<key>CODE_SIGN_IDENTITY[sdk=iphoneos*]</key>
				<string>iPhone Developer</string>
				<key>GCC_PRECOMPILE_PREFIX_HEADER</key>
				<string>YES</string>
				<key>GCC_PREFIX_HEADER</key>
				<string>WMUA-Radio/WMUA-Radio-Prefix.pch</string>
				<key>INFOPLIST_FILE</key>
				<string>WMUA-Radio/WMUA-Radio-Info.plist</string>
				<key>PRODUCT_NAME</key>
				<string>$(TARGET_NAME)</string>
				<key>PROVISIONING_PROFILE</key>
				<string></string>
				<key>WRAPPER_EXTENSION</key>
				<string>app</string>
			</dict>
			<key>isa</key>
			<string>XCBuildConfiguration</string>
			<key>name</key>
			<string>Debug</string>
		</dict>
		<key>0855989019FD850D0089C8FE</key>
		<dict>
			<key>baseConfigurationReference</key>
			<string>B172A28ADD8EE686E475D3AC</string>
			<key>buildSettings</key>
			<dict>
				<key>ASSETCATALOG_COMPILER_APPICON_NAME</key>
				<string>AppIcon</string>
				<key>ASSETCATALOG_COMPILER_LAUNCHIMAGE_NAME</key>
				<string>LaunchImage</string>
				<key>CODE_SIGN_IDENTITY</key>
				<string>iPhone Developer</string>
				<key>CODE_SIGN_IDENTITY[sdk=iphoneos*]</key>
				<string>iPhone Developer</string>
				<key>GCC_PRECOMPILE_PREFIX_HEADER</key>
				<string>YES</string>
				<key>GCC_PREFIX_HEADER</key>
				<string>WMUA-Radio/WMUA-Radio-Prefix.pch</string>
				<key>INFOPLIST_FILE</key>
				<string>WMUA-Radio/WMUA-Radio-Info.plist</string>
				<key>PRODUCT_NAME</key>
				<string>$(TARGET_NAME)</string>
				<key>PROVISIONING_PROFILE</key>
				<string></string>
				<key>WRAPPER_EXTENSION</key>
				<string>app</string>
			</dict>
			<key>isa</key>
			<string>XCBuildConfiguration</string>
			<key>name</key>
			<string>Release</string>
		</dict>
		<key>0855989119FD850D0089C8FE</key>
		<dict>
			<key>buildConfigurations</key>
			<array>
				<string>0855989219FD850D0089C8FE</string>
				<string>0855989319FD850D0089C8FE</string>
			</array>
			<key>defaultConfigurationIsVisible</key>
			<string>0</string>
			<key>defaultConfigurationName</key>
			<string>Release</string>
			<key>isa</key>
			<string>XCConfigurationList</string>
		</dict>
		<key>0855989219FD850D0089C8FE</key>
		<dict>
			<key>buildSettings</key>
			<dict>
				<key>BUNDLE_LOADER</key>
				<string>$(BUILT_PRODUCTS_DIR)/WMUA-Radio.app/WMUA-Radio</string>
				<key>FRAMEWORK_SEARCH_PATHS</key>
				<array>
					<string>$(SDKROOT)/Developer/Library/Frameworks</string>
					<string>$(inherited)</string>
					<string>$(DEVELOPER_FRAMEWORKS_DIR)</string>
				</array>
				<key>GCC_PRECOMPILE_PREFIX_HEADER</key>
				<string>YES</string>
				<key>GCC_PREFIX_HEADER</key>
				<string>WMUA-Radio/WMUA-Radio-Prefix.pch</string>
				<key>GCC_PREPROCESSOR_DEFINITIONS</key>
				<array>
					<string>DEBUG=1</string>
					<string>$(inherited)</string>
				</array>
				<key>INFOPLIST_FILE</key>
				<string>WMUA-RadioTests/WMUA-RadioTests-Info.plist</string>
				<key>PRODUCT_NAME</key>
				<string>$(TARGET_NAME)</string>
				<key>TEST_HOST</key>
				<string>$(BUNDLE_LOADER)</string>
				<key>WRAPPER_EXTENSION</key>
				<string>xctest</string>
			</dict>
			<key>isa</key>
			<string>XCBuildConfiguration</string>
			<key>name</key>
			<string>Debug</string>
		</dict>
		<key>0855989319FD850D0089C8FE</key>
		<dict>
			<key>buildSettings</key>
			<dict>
				<key>BUNDLE_LOADER</key>
				<string>$(BUILT_PRODUCTS_DIR)/WMUA-Radio.app/WMUA-Radio</string>
				<key>FRAMEWORK_SEARCH_PATHS</key>
				<array>
					<string>$(SDKROOT)/Developer/Library/Frameworks</string>
					<string>$(inherited)</string>
					<string>$(DEVELOPER_FRAMEWORKS_DIR)</string>
				</array>
				<key>GCC_PRECOMPILE_PREFIX_HEADER</key>
				<string>YES</string>
				<key>GCC_PREFIX_HEADER</key>
				<string>WMUA-Radio/WMUA-Radio-Prefix.pch</string>
				<key>INFOPLIST_FILE</key>
				<string>WMUA-RadioTests/WMUA-RadioTests-Info.plist</string>
				<key>PRODUCT_NAME</key>
				<string>$(TARGET_NAME)</string>
				<key>TEST_HOST</key>
				<string>$(BUNDLE_LOADER)</string>
				<key>WRAPPER_EXTENSION</key>
				<string>xctest</string>
			</dict>
			<key>isa</key>
			<string>XCBuildConfiguration</string>
			<key>name</key>
			<string>Release</string>
		</dict>
		<key>0855989B19FD9CC00089C8FE</key>
		<dict>
			<key>children</key>
			<array>
				<string>0855989C19FD9CC00089C8FE</string>
				<string>0855989D19FD9CC00089C8FE</string>
				<string>0855989E19FD9CC00089C8FE</string>
				<string>0855989F19FD9CC00089C8FE</string>
				<string>085598A019FD9CC00089C8FE</string>
				<string>085598A119FD9CC00089C8FE</string>
				<string>085598A219FD9CC00089C8FE</string>
			</array>
			<key>isa</key>
			<string>PBXGroup</string>
			<key>path</key>
			<string>Radio</string>
			<key>sourceTree</key>
			<string>&lt;group&gt;</string>
		</dict>
		<key>0855989C19FD9CC00089C8FE</key>
		<dict>
			<key>fileEncoding</key>
			<string>4</string>
			<key>isa</key>
			<string>PBXFileReference</string>
			<key>lastKnownFileType</key>
			<string>text</string>
			<key>path</key>
			<string>LICENSE</string>
			<key>sourceTree</key>
			<string>&lt;group&gt;</string>
		</dict>
		<key>0855989D19FD9CC00089C8FE</key>
		<dict>
			<key>fileEncoding</key>
			<string>4</string>
			<key>isa</key>
			<string>PBXFileReference</string>
			<key>lastKnownFileType</key>
			<string>sourcecode.c.h</string>
			<key>path</key>
			<string>Packet.h</string>
			<key>sourceTree</key>
			<string>&lt;group&gt;</string>
		</dict>
		<key>0855989E19FD9CC00089C8FE</key>
		<dict>
			<key>fileEncoding</key>
			<string>4</string>
			<key>isa</key>
			<string>PBXFileReference</string>
			<key>lastKnownFileType</key>
			<string>sourcecode.c.objc</string>
			<key>path</key>
			<string>Packet.m</string>
			<key>sourceTree</key>
			<string>&lt;group&gt;</string>
		</dict>
		<key>0855989F19FD9CC00089C8FE</key>
		<dict>
			<key>fileEncoding</key>
			<string>4</string>
			<key>isa</key>
			<string>PBXFileReference</string>
			<key>lastKnownFileType</key>
			<string>sourcecode.c.h</string>
			<key>path</key>
			<string>Queue.h</string>
			<key>sourceTree</key>
			<string>&lt;group&gt;</string>
		</dict>
		<key>085598A019FD9CC00089C8FE</key>
		<dict>
			<key>fileEncoding</key>
			<string>4</string>
			<key>isa</key>
			<string>PBXFileReference</string>
			<key>lastKnownFileType</key>
			<string>sourcecode.c.objc</string>
			<key>path</key>
			<string>Queue.m</string>
			<key>sourceTree</key>
			<string>&lt;group&gt;</string>
		</dict>
		<key>085598A119FD9CC00089C8FE</key>
		<dict>
			<key>fileEncoding</key>
			<string>4</string>
			<key>isa</key>
			<string>PBXFileReference</string>
			<key>lastKnownFileType</key>
			<string>sourcecode.c.h</string>
			<key>path</key>
			<string>Radio.h</string>
			<key>sourceTree</key>
			<string>&lt;group&gt;</string>
		</dict>
		<key>085598A219FD9CC00089C8FE</key>
		<dict>
			<key>fileEncoding</key>
			<string>4</string>
			<key>isa</key>
			<string>PBXFileReference</string>
			<key>lastKnownFileType</key>
			<string>sourcecode.c.objc</string>
			<key>path</key>
			<string>Radio.m</string>
			<key>sourceTree</key>
			<string>&lt;group&gt;</string>
		</dict>
		<key>085598A319FD9CC00089C8FE</key>
		<dict>
			<key>fileRef</key>
			<string>0855989C19FD9CC00089C8FE</string>
			<key>isa</key>
			<string>PBXBuildFile</string>
		</dict>
		<key>085598A419FD9CC00089C8FE</key>
		<dict>
			<key>fileRef</key>
			<string>0855989E19FD9CC00089C8FE</string>
			<key>isa</key>
			<string>PBXBuildFile</string>
		</dict>
		<key>085598A519FD9CC00089C8FE</key>
		<dict>
			<key>fileRef</key>
			<string>085598A019FD9CC00089C8FE</string>
			<key>isa</key>
			<string>PBXBuildFile</string>
		</dict>
		<key>085598A619FD9CC00089C8FE</key>
		<dict>
			<key>fileRef</key>
			<string>085598A219FD9CC00089C8FE</string>
			<key>isa</key>
			<string>PBXBuildFile</string>
		</dict>
		<key>08A4600E1A07FED7005CF34B</key>
		<dict>
			<key>isa</key>
			<string>PBXFileReference</string>
			<key>lastKnownFileType</key>
			<string>image.jpeg</string>
			<key>path</key>
			<string>wmuabanner.jpg</string>
			<key>sourceTree</key>
			<string>&lt;group&gt;</string>
		</dict>
		<key>08A4600F1A07FED7005CF34B</key>
		<dict>
			<key>fileRef</key>
			<string>08A4600E1A07FED7005CF34B</string>
			<key>isa</key>
			<string>PBXBuildFile</string>
		</dict>
		<key>08E15A181A1ABDC500E41042</key>
		<dict>
			<key>fileEncoding</key>
			<string>4</string>
			<key>isa</key>
			<string>PBXFileReference</string>
			<key>lastKnownFileType</key>
			<string>sourcecode.c.h</string>
			<key>path</key>
			<string>WMUADataSource.h</string>
			<key>sourceTree</key>
			<string>&lt;group&gt;</string>
		</dict>
		<key>08E15A191A1ABDC500E41042</key>
		<dict>
			<key>fileEncoding</key>
			<string>4</string>
			<key>isa</key>
			<string>PBXFileReference</string>
			<key>lastKnownFileType</key>
			<string>sourcecode.c.objc</string>
			<key>path</key>
			<string>WMUADataSource.m</string>
			<key>sourceTree</key>
			<string>&lt;group&gt;</string>
		</dict>
		<key>08E15A1A1A1ABDC500E41042</key>
		<dict>
			<key>fileRef</key>
			<string>08E15A191A1ABDC500E41042</string>
			<key>isa</key>
			<string>PBXBuildFile</string>
		</dict>
		<key>08F0485E1A1B0B85009079A6</key>
		<dict>
			<key>fileEncoding</key>
			<string>4</string>
			<key>isa</key>
			<string>PBXFileReference</string>
			<key>lastKnownFileType</key>
			<string>sourcecode.c.h</string>
			<key>name</key>
			<string>WMUARecentViewController.h</string>
			<key>path</key>
			<string>../WMUARecentViewController.h</string>
			<key>sourceTree</key>
			<string>&lt;group&gt;</string>
		</dict>
		<key>08F0485F1A1B0B85009079A6</key>
		<dict>
			<key>fileEncoding</key>
			<string>4</string>
			<key>isa</key>
			<string>PBXFileReference</string>
			<key>lastKnownFileType</key>
			<string>sourcecode.c.objc</string>
			<key>name</key>
			<string>WMUARecentViewController.m</string>
			<key>path</key>
			<string>../WMUARecentViewController.m</string>
			<key>sourceTree</key>
			<string>&lt;group&gt;</string>
		</dict>
		<key>08F048601A1B0B85009079A6</key>
		<dict>
			<key>fileRef</key>
			<string>08F0485F1A1B0B85009079A6</string>
			<key>isa</key>
			<string>PBXBuildFile</string>
		</dict>
		<key>08F048631A1B2C5D009079A6</key>
		<dict>
			<key>isa</key>
			<string>PBXFileReference</string>
			<key>lastKnownFileType</key>
			<string>image.png</string>
			<key>path</key>
			<string>wmua-320.png</string>
			<key>sourceTree</key>
			<string>&lt;group&gt;</string>
		</dict>
		<key>08F048641A1B2C5D009079A6</key>
		<dict>
			<key>fileRef</key>
			<string>08F048631A1B2C5D009079A6</string>
			<key>isa</key>
			<string>PBXBuildFile</string>
		</dict>
		<key>25D1CF009093F5EC438F8729</key>
		<dict>
			<key>buildActionMask</key>
			<string>2147483647</string>
			<key>files</key>
			<array/>
			<key>inputPaths</key>
			<array/>
			<key>isa</key>
			<string>PBXShellScriptBuildPhase</string>
			<key>name</key>
			<string>Copy Pods Resources</string>
			<key>outputPaths</key>
			<array/>
			<key>runOnlyForDeploymentPostprocessing</key>
			<string>0</string>
			<key>shellPath</key>
			<string>/bin/sh</string>
			<key>shellScript</key>
			<string>"${SRCROOT}/Pods/Target Support Files/Pods/Pods-resources.sh"
</string>
			<key>showEnvVarsInLog</key>
			<string>0</string>
		</dict>
		<key>5CB36CA8904EC7918C524045</key>
		<dict>
			<key>explicitFileType</key>
			<string>archive.ar</string>
			<key>includeInIndex</key>
			<string>0</string>
			<key>isa</key>
			<string>PBXFileReference</string>
			<key>path</key>
			<string>libPods.a</string>
			<key>sourceTree</key>
			<string>BUILT_PRODUCTS_DIR</string>
		</dict>
		<key>8A00000C91FD9E8D29724DE8</key>
		<dict>
			<key>fileRef</key>
			<string>5CB36CA8904EC7918C524045</string>
			<key>isa</key>
			<string>PBXBuildFile</string>
		</dict>
		<key>A551FBF9E8F3E9FCB2A9EE2A</key>
		<dict>
			<key>buildActionMask</key>
			<string>2147483647</string>
			<key>files</key>
			<array/>
			<key>inputPaths</key>
			<array/>
			<key>isa</key>
			<string>PBXShellScriptBuildPhase</string>
			<key>name</key>
			<string>Check Pods Manifest.lock</string>
			<key>outputPaths</key>
			<array/>
			<key>runOnlyForDeploymentPostprocessing</key>
			<string>0</string>
			<key>shellPath</key>
			<string>/bin/sh</string>
			<key>shellScript</key>
			<string>diff "${PODS_ROOT}/../Podfile.lock" "${PODS_ROOT}/Manifest.lock" &gt; /dev/null
if [[ $? != 0 ]] ; then
    cat &lt;&lt; EOM
error: The sandbox is not in sync with the Podfile.lock. Run 'pod install' or update your CocoaPods installation.
EOM
    exit 1
fi
</string>
			<key>showEnvVarsInLog</key>
			<string>0</string>
		</dict>
		<key>B172A28ADD8EE686E475D3AC</key>
		<dict>
			<key>includeInIndex</key>
			<string>1</string>
			<key>isa</key>
			<string>PBXFileReference</string>
			<key>lastKnownFileType</key>
			<string>text.xcconfig</string>
			<key>name</key>
			<string>Pods.release.xcconfig</string>
			<key>path</key>
			<string>Pods/Target Support Files/Pods/Pods.release.xcconfig</string>
			<key>sourceTree</key>
			<string>&lt;group&gt;</string>
		</dict>
		<key>B3588D3BD95525D94DB0D6B2</key>
		<dict>
			<key>includeInIndex</key>
			<string>1</string>
			<key>isa</key>
			<string>PBXFileReference</string>
			<key>lastKnownFileType</key>
			<string>text.xcconfig</string>
			<key>name</key>
			<string>Pods.debug.xcconfig</string>
			<key>path</key>
			<string>Pods/Target Support Files/Pods/Pods.debug.xcconfig</string>
			<key>sourceTree</key>
			<string>&lt;group&gt;</string>
		</dict>
	</dict>
	<key>rootObject</key>
	<string>0855985119FD850C0089C8FE</string>
</dict>
</plist>
